
Microsoft Visual Studio Solution File, Format Version 12.00
# Visual Studio Version 17
VisualStudioVersion = 17.5.33516.290
MinimumVisualStudioVersion = 10.0.40219.1
Project("{FAE04EC0-301F-11D3-BF4B-00C04F79EFBC}") = "Restaurant Reports", "Restaurant Reports\Restaurant Reports.csproj", "{5B065B57-CD99-408E-8BBA-605F8963B3C5}"
EndProject
Global
	GlobalSection(SolutionConfigurationPlatforms) = preSolution
		Debug|Any CPU = Debug|Any CPU
		Release|Any CPU = Release|Any CPU
	EndGlobalSection
	GlobalSection(ProjectConfigurationPlatforms) = postSolution
		{5B065B57-CD99-408E-8BBA-605F8963B3C5}.Debug|Any CPU.ActiveCfg = Debug|Any CPU
		{5B065B57-CD99-408E-8BBA-605F8963B3C5}.Debug|Any CPU.Build.0 = Debug|Any CPU
		{5B065B57-CD99-408E-8BBA-605F8963B3C5}.Release|Any CPU.ActiveCfg = Release|Any CPU
		{5B065B57-CD99-408E-8BBA-605F8963B3C5}.Release|Any CPU.Build.0 = Release|Any CPU
	EndGlobalSection
	GlobalSection(SolutionProperties) = preSolution
		HideSolutionNode = FALSE
	EndGlobalSection
	GlobalSection(ExtensibilityGlobals) = postSolution
		SolutionGuid = {5C1681AE-DFDC-4DD2-ADE0-5A1DC094B881}
	EndGlobalSection
EndGlobal
